<?xml version="1.0" encoding="utf-8"?>
<Project ToolsVersion="4.0" xmlns="http://schemas.microsoft.com/developer/msbuild/2003">
  <ItemGroup>
    <ClCompile Include="Auto.cpp" />
    <ClCompile Include="EingabeVerwaltung.cpp" />
    <ClCompile Include="Einstellungen.cpp" />
    <ClCompile Include="Game.cpp" />
    <ClCompile Include="main.cpp" />
    <ClCompile Include="Map.cpp" />
    <ClCompile Include="Startbildschirm.cpp" />
    <ClCompile Include="Spieler.cpp" />
    <ClCompile Include="Bot.cpp" />
  </ItemGroup>
  <ItemGroup>
    <ClInclude Include="Auto.hpp" />
    <ClInclude Include="EingabeVerwaltung.hpp" />
    <ClInclude Include="Einstellungen.hpp" />
    <ClInclude Include="Game.hpp" />
    <ClInclude Include="Map.hpp" />
    <ClInclude Include="Startbildschirm.hpp" />
    <ClInclude Include="Spieler.hpp" />
    <ClInclude Include="Bot.hpp" />
    <ClCompile Include="main.cpp" />
    <ClCompile Include="Auto.cpp">
      <Filter>Objekt-Code</Filter>
    </ClCompile>
    <ClCompile Include="EingabeVerwaltung.cpp">
      <Filter>Objekt-Code</Filter>
    </ClCompile>
    <ClCompile Include="Einstellungen.cpp">
      <Filter>Objekt-Code</Filter>
    </ClCompile>
    <ClCompile Include="Startbildschirm.cpp">
      <Filter>Objekt-Code</Filter>
    </ClCompile>
    <ClCompile Include="Map.cpp">
      <Filter>Objekt-Code</Filter>
    </ClCompile>
    <ClCompile Include="Game.cpp">
      <Filter>Objekt-Code</Filter>
    </ClCompile>
    <ClCompile Include="PauseMenue.cpp">
      <Filter>Objekt-Code</Filter>
    </ClCompile>
  </ItemGroup>
  <ItemGroup>
    <ClInclude Include="Auto.hpp">
      <Filter>Objekt-Header</Filter>
    </ClInclude>
    <ClInclude Include="EingabeVerwaltung.hpp">
      <Filter>Objekt-Header</Filter>
    </ClInclude>
    <ClInclude Include="Einstellungen.hpp">
      <Filter>Objekt-Header</Filter>
    </ClInclude>
    <ClInclude Include="Game.hpp">
      <Filter>Objekt-Header</Filter>
    </ClInclude>
    <ClInclude Include="Map.hpp">
      <Filter>Objekt-Header</Filter>
    </ClInclude>
    <ClInclude Include="Startbildschirm.hpp">
      <Filter>Objekt-Header</Filter>
    </ClInclude>
    <ClInclude Include="PauseMenue.hpp">
      <Filter>Objekt-Header</Filter>
    </ClInclude>
  </ItemGroup>
  <ItemGroup>
    <Filter Include="Objekt-Code">
      <UniqueIdentifier>{8057e574-2091-483c-82a9-ebfb877de661}</UniqueIdentifier>
    </Filter>
    <Filter Include="Objekt-Header">
      <UniqueIdentifier>{e38b6966-b2e0-465d-8964-ead71f5bb488}</UniqueIdentifier>
    </Filter>
  </ItemGroup>
</Project>