<?xml version="1.0" encoding="utf-8"?>
<Project ToolsVersion="4.0" xmlns="http://schemas.microsoft.com/developer/msbuild/2003">
  <ItemGroup>
    <ClCompile Include="src\auto_von_felix_losti\Auto.cpp" />
    <ClCompile Include="src\EingabeVerwaltung\EingabeVerwaltung.cpp" />
    <ClCompile Include="src\Einstellungen\Einstellungen.cpp" />
    <ClCompile Include="src\Game.cpp" />
    <ClCompile Include="src\main.cpp" />
    <ClCompile Include="src\Map\Map.cpp" />
    <ClCompile Include="src\Startbildschirm\Startbildschirm.cpp" />
    <ClCompile Include="src\auto_von_felix_losti\Spieler.cpp" />
    <ClCompile Include="src\auto_von_felix_losti\Bot.cpp" />
    <ClCompile Include="src\Objekte\Automobil.cpp" />
    <ClCompile Include="src\Objekte\Objektverwalter.cpp" />
    <ClCompile Include="src\Objekte\Bot\Bot.cpp" />
    <ClCompile Include="src\Objekte\Spieler\Spieler.cpp" />
    <ClCompile Include="src\LevelAuswahl\LevelAuswahl.cpp" />
    <ClCompile Include="src\utils\Collision.cpp" />
    <ClCompile Include="src\MusikVerwaltung\MusikVerwaltung.cpp" />
    <ClCompile Include="src\Fortschritt\Fortschritt.cpp" />
    <ClCompile Include="src\Objekte\Muenze\Muenze.cpp" />
    <ClCompile Include="src\Nachricht\Nachricht.cpp" />
    <ClCompile Include="src\LevelAuswahl\Level.cpp" />
    <ClCompile Include="src\Objekte\Bananenschale\Bananenschale.cpp" />
  </ItemGroup>
  <ItemGroup>
    <ClInclude Include="src\auto_von_felix_losti\Auto.hpp" />
    <ClInclude Include="src\EingabeVerwaltung\EingabeVerwaltung.hpp" />
    <ClInclude Include="src\Einstellungen\Einstellungen.hpp" />
    <ClInclude Include="src\Game.hpp" />
    <ClInclude Include="src\Map\Map.hpp" />
    <ClInclude Include="src\Startbildschirm\Startbildschirm.hpp" />
    <ClInclude Include="src\auto_von_felix_losti\Spieler.hpp" />
    <ClInclude Include="src\auto_von_felix_losti\Bot.hpp" />
    <ClCompile Include="src\PauseMenue\PauseMenue.cpp">
      <Filter>Objekt-Code</Filter>
    </ClCompile>
    <ClInclude Include="src\Objekte\Automobil.hpp" />
    <ClInclude Include="src\Objekte\Objektverwalter.hpp" />
    <ClInclude Include="src\Objekte\Bot\Bot.hpp" />
    <ClInclude Include="src\Objekte\Spieler\Spieler.hpp" />
    <ClInclude Include="src\LevelAuswahl\LevelAuswahl.hpp" />
    <ClInclude Include="src\LevelAuswahl\Level.hpp" />
    <ClInclude Include="src\utils\Collision.hpp" />
    <ClInclude Include="src\MusikVerwaltung\MusikVerwaltung.hpp" />
    <ClInclude Include="src\Fortschritt\Fortschritt.hpp" />
    <ClInclude Include="src\Objekte\Muenze\Muenze.hpp" />
    <ClInclude Include="src\Nachricht\Nachricht.hpp" />
    <ClInclude Include="src\Objekte\Bananenschale\Bananenschale.hpp" />
  </ItemGroup>
  <ItemGroup>
    <ClInclude Include="src\PauseMenue\PauseMenue.hpp">
      <Filter>Objekt-Header</Filter>
    </ClInclude>
  </ItemGroup>
  <ItemGroup>
    <Filter Include="Objekt-Code">
      <UniqueIdentifier>{8057e574-2091-483c-82a9-ebfb877de661}</UniqueIdentifier>
    </Filter>
    <Filter Include="Objekt-Header">
      <UniqueIdentifier>{e38b6966-b2e0-465d-8964-ead71f5bb488}</UniqueIdentifier>
    </Filter>
  </ItemGroup>
</Project>